
Microsoft Visual Studio Solution File, Format Version 12.00
# Visual Studio Version 16
VisualStudioVersion = 16.0.32228.343
MinimumVisualStudioVersion = 10.0.40219.1
Project("{FAE04EC0-301F-11D3-BF4B-00C04F79EFBC}") = "Mesenger", "Mesenger\Mesenger.csproj", "{0096E6B9-F1AA-4B18-B0F8-D91892E545D3}"
EndProject
Project("{E53339B2-1760-4266-BCC7-CA923CBCF16C}") = "docker-compose", "docker-compose.dcproj", "{70BCB1BE-A84A-41B4-A88E-C41B9427732A}"
EndProject
Global
	GlobalSection(SolutionConfigurationPlatforms) = preSolution
		Debug|Any CPU = Debug|Any CPU
		Release|Any CPU = Release|Any CPU
	EndGlobalSection
	GlobalSection(ProjectConfigurationPlatforms) = postSolution
		{0096E6B9-F1AA-4B18-B0F8-D91892E545D3}.Debug|Any CPU.ActiveCfg = Debug|Any CPU
		{0096E6B9-F1AA-4B18-B0F8-D91892E545D3}.Debug|Any CPU.Build.0 = Debug|Any CPU
		{0096E6B9-F1AA-4B18-B0F8-D91892E545D3}.Release|Any CPU.ActiveCfg = Release|Any CPU
		{0096E6B9-F1AA-4B18-B0F8-D91892E545D3}.Release|Any CPU.Build.0 = Release|Any CPU
		{70BCB1BE-A84A-41B4-A88E-C41B9427732A}.Debug|Any CPU.ActiveCfg = Debug|Any CPU
		{70BCB1BE-A84A-41B4-A88E-C41B9427732A}.Debug|Any CPU.Build.0 = Debug|Any CPU
		{70BCB1BE-A84A-41B4-A88E-C41B9427732A}.Release|Any CPU.ActiveCfg = Release|Any CPU
		{70BCB1BE-A84A-41B4-A88E-C41B9427732A}.Release|Any CPU.Build.0 = Release|Any CPU
	EndGlobalSection
	GlobalSection(SolutionProperties) = preSolution
		HideSolutionNode = FALSE
	EndGlobalSection
	GlobalSection(ExtensibilityGlobals) = postSolution
		SolutionGuid = {625292C9-1382-498F-BF4F-B6A9FA6380A6}
	EndGlobalSection
EndGlobal
